
Microsoft Visual Studio Solution File, Format Version 12.00
# Visual Studio Version 17
VisualStudioVersion = 17.3.32922.545
MinimumVisualStudioVersion = 10.0.40219.1
Project("{FAE04EC0-301F-11D3-BF4B-00C04F79EFBC}") = "MyBakery", "MyBakery.csproj", "{38EBAEFB-F8A7-4E7D-9677-9A4D432F5AB2}"
EndProject
Global
	GlobalSection(SolutionConfigurationPlatforms) = preSolution
		Debug|Any CPU = Debug|Any CPU
		Release|Any CPU = Release|Any CPU
	EndGlobalSection
	GlobalSection(ProjectConfigurationPlatforms) = postSolution
		{38EBAEFB-F8A7-4E7D-9677-9A4D432F5AB2}.Debug|Any CPU.ActiveCfg = Debug|Any CPU
		{38EBAEFB-F8A7-4E7D-9677-9A4D432F5AB2}.Debug|Any CPU.Build.0 = Debug|Any CPU
		{38EBAEFB-F8A7-4E7D-9677-9A4D432F5AB2}.Release|Any CPU.ActiveCfg = Release|Any CPU
		{38EBAEFB-F8A7-4E7D-9677-9A4D432F5AB2}.Release|Any CPU.Build.0 = Release|Any CPU
	EndGlobalSection
	GlobalSection(SolutionProperties) = preSolution
		HideSolutionNode = FALSE
	EndGlobalSection
	GlobalSection(ExtensibilityGlobals) = postSolution
		SolutionGuid = {26A9FDCC-1FC9-4675-A46C-926615ABB7E5}
	EndGlobalSection
EndGlobal
